
Microsoft Visual Studio Solution File, Format Version 12.00
# Visual Studio Version 17
VisualStudioVersion = 17.5.001.0
MinimumVisualStudioVersion = 10.0.40219.1
Project("{9A19103F-16F7-4668-BE54-9A1E7A4F7556}") = "Homework 4_2", "Homework 4_2.csproj", "{4E3F698D-8BBE-4DBF-984A-F20F77575DB9}"
EndProject
Global
	GlobalSection(SolutionConfigurationPlatforms) = preSolution
		Debug|Any CPU = Debug|Any CPU
		Release|Any CPU = Release|Any CPU
	EndGlobalSection
	GlobalSection(ProjectConfigurationPlatforms) = postSolution
		{4E3F698D-8BBE-4DBF-984A-F20F77575DB9}.Debug|Any CPU.ActiveCfg = Debug|Any CPU
		{4E3F698D-8BBE-4DBF-984A-F20F77575DB9}.Debug|Any CPU.Build.0 = Debug|Any CPU
		{4E3F698D-8BBE-4DBF-984A-F20F77575DB9}.Release|Any CPU.ActiveCfg = Release|Any CPU
		{4E3F698D-8BBE-4DBF-984A-F20F77575DB9}.Release|Any CPU.Build.0 = Release|Any CPU
	EndGlobalSection
	GlobalSection(SolutionProperties) = preSolution
		HideSolutionNode = FALSE
	EndGlobalSection
	GlobalSection(ExtensibilityGlobals) = postSolution
		SolutionGuid = {ADDE0DAC-8018-4EFE-B48E-7D6270A1DB3F}
	EndGlobalSection
EndGlobal
