
Microsoft Visual Studio Solution File, Format Version 12.00
# Visual Studio Version 17
VisualStudioVersion = 17.5.001.0
MinimumVisualStudioVersion = 10.0.40219.1
Project("{9A19103F-16F7-4668-BE54-9A1E7A4F7556}") = "Homework2_1", "Homework2_1.csproj", "{D16379DE-BC59-4480-AC6B-6BB3A16AE4E0}"
EndProject
Global
	GlobalSection(SolutionConfigurationPlatforms) = preSolution
		Debug|Any CPU = Debug|Any CPU
		Release|Any CPU = Release|Any CPU
	EndGlobalSection
	GlobalSection(ProjectConfigurationPlatforms) = postSolution
		{D16379DE-BC59-4480-AC6B-6BB3A16AE4E0}.Debug|Any CPU.ActiveCfg = Debug|Any CPU
		{D16379DE-BC59-4480-AC6B-6BB3A16AE4E0}.Debug|Any CPU.Build.0 = Debug|Any CPU
		{D16379DE-BC59-4480-AC6B-6BB3A16AE4E0}.Release|Any CPU.ActiveCfg = Release|Any CPU
		{D16379DE-BC59-4480-AC6B-6BB3A16AE4E0}.Release|Any CPU.Build.0 = Release|Any CPU
	EndGlobalSection
	GlobalSection(SolutionProperties) = preSolution
		HideSolutionNode = FALSE
	EndGlobalSection
	GlobalSection(ExtensibilityGlobals) = postSolution
		SolutionGuid = {49453B24-C4E5-4E8D-B9EE-67315973CBD8}
	EndGlobalSection
EndGlobal
