
Microsoft Visual Studio Solution File, Format Version 12.00
# Visual Studio Version 17
VisualStudioVersion = 17.5.002.0
MinimumVisualStudioVersion = 10.0.40219.1
Project("{9A19103F-16F7-4668-BE54-9A1E7A4F7556}") = "Homework 9_1", "Homework 9_1.csproj", "{63AE55ED-A182-4D08-8DFB-97B211C04D5D}"
EndProject
Global
	GlobalSection(SolutionConfigurationPlatforms) = preSolution
		Debug|Any CPU = Debug|Any CPU
		Release|Any CPU = Release|Any CPU
	EndGlobalSection
	GlobalSection(ProjectConfigurationPlatforms) = postSolution
		{63AE55ED-A182-4D08-8DFB-97B211C04D5D}.Debug|Any CPU.ActiveCfg = Debug|Any CPU
		{63AE55ED-A182-4D08-8DFB-97B211C04D5D}.Debug|Any CPU.Build.0 = Debug|Any CPU
		{63AE55ED-A182-4D08-8DFB-97B211C04D5D}.Release|Any CPU.ActiveCfg = Release|Any CPU
		{63AE55ED-A182-4D08-8DFB-97B211C04D5D}.Release|Any CPU.Build.0 = Release|Any CPU
	EndGlobalSection
	GlobalSection(SolutionProperties) = preSolution
		HideSolutionNode = FALSE
	EndGlobalSection
	GlobalSection(ExtensibilityGlobals) = postSolution
		SolutionGuid = {37B38078-7777-4007-9061-DBDF599034D4}
	EndGlobalSection
EndGlobal
