
Microsoft Visual Studio Solution File, Format Version 12.00
# Visual Studio Version 17
VisualStudioVersion = 17.5.001.0
MinimumVisualStudioVersion = 10.0.40219.1
Project("{9A19103F-16F7-4668-BE54-9A1E7A4F7556}") = "Homework 4_3", "Homework 4_3.csproj", "{2002F6F9-D984-4E76-B2A3-7FEC323112FF}"
EndProject
Global
	GlobalSection(SolutionConfigurationPlatforms) = preSolution
		Debug|Any CPU = Debug|Any CPU
		Release|Any CPU = Release|Any CPU
	EndGlobalSection
	GlobalSection(ProjectConfigurationPlatforms) = postSolution
		{2002F6F9-D984-4E76-B2A3-7FEC323112FF}.Debug|Any CPU.ActiveCfg = Debug|Any CPU
		{2002F6F9-D984-4E76-B2A3-7FEC323112FF}.Debug|Any CPU.Build.0 = Debug|Any CPU
		{2002F6F9-D984-4E76-B2A3-7FEC323112FF}.Release|Any CPU.ActiveCfg = Release|Any CPU
		{2002F6F9-D984-4E76-B2A3-7FEC323112FF}.Release|Any CPU.Build.0 = Release|Any CPU
	EndGlobalSection
	GlobalSection(SolutionProperties) = preSolution
		HideSolutionNode = FALSE
	EndGlobalSection
	GlobalSection(ExtensibilityGlobals) = postSolution
		SolutionGuid = {BCF57171-3BBF-4022-98D2-93DC5EAE330C}
	EndGlobalSection
EndGlobal
